
Microsoft Visual Studio Solution File, Format Version 12.00
# Visual Studio 15
VisualStudioVersion = 15.0.28010.2050
MinimumVisualStudioVersion = 10.0.40219.1
Project("{FAE04EC0-301F-11D3-BF4B-00C04F79EFBC}") = "Day.Photography", "Day.Photography\Day.Photography.csproj", "{39285EEB-8F4D-46D2-8ABE-1CB9F4398266}"
EndProject
Global
	GlobalSection(SolutionConfigurationPlatforms) = preSolution
		Debug|Any CPU = Debug|Any CPU
		Release|Any CPU = Release|Any CPU
	EndGlobalSection
	GlobalSection(ProjectConfigurationPlatforms) = postSolution
		{39285EEB-8F4D-46D2-8ABE-1CB9F4398266}.Debug|Any CPU.ActiveCfg = Debug|Any CPU
		{39285EEB-8F4D-46D2-8ABE-1CB9F4398266}.Debug|Any CPU.Build.0 = Debug|Any CPU
		{39285EEB-8F4D-46D2-8ABE-1CB9F4398266}.Release|Any CPU.ActiveCfg = Release|Any CPU
		{39285EEB-8F4D-46D2-8ABE-1CB9F4398266}.Release|Any CPU.Build.0 = Release|Any CPU
	EndGlobalSection
	GlobalSection(SolutionProperties) = preSolution
		HideSolutionNode = FALSE
	EndGlobalSection
	GlobalSection(ExtensibilityGlobals) = postSolution
		SolutionGuid = {54474069-434B-4020-8F86-5E32C1027CB0}
	EndGlobalSection
EndGlobal
